%{
  "opentelemetry_api": {:hex, :opentelemetry_api, "1.2.1", "7b69ed4f40025c005de0b74fce8c0549625d59cb4df12d15c32fe6dc5076ff42", [:mix, :rebar3], [{:opentelemetry_semantic_conventions, "~> 0.2", [hex: :opentelemetry_semantic_conventions, repo: "hexpm", optional: false]}], "hexpm", "6d7a27b7cad2ad69a09cabf6670514cafcec717c8441beb5c96322bac3d05350"},
  "opentelemetry_semantic_conventions": {:hex, :opentelemetry_semantic_conventions, "0.2.0", "b67fe459c2938fcab341cb0951c44860c62347c005ace1b50f8402576f241435", [:mix, :rebar3], [], "hexpm", "d61fa1f5639ee8668d74b527e6806e0503efc55a42db7b5f39939d84c07d6895"},
  "partisan": {:hex, :partisan, "5.0.3", "09c25e848910b4ccf9336edc1a36e453b63281bf9bf32589515cbef96b3862a6", [:rebar3], [{:opentelemetry_api, "1.2.1", [hex: :opentelemetry_api, repo: "hexpm", optional: false]}, {:telemetry, "~> 1.1.0", [hex: :telemetry, repo: "hexpm", optional: false]}, {:types, "~> 0.1.8", [hex: :types, repo: "hexpm", optional: false]}, {:uuid, "~> 2.0.5", [hex: :uuid_erl, repo: "hexpm", optional: false]}], "hexpm", "2006992365f6afb27f5e71f5c07709f487da79fbce6246fbf86d4f229333f0ce"},
  "quickrand": {:hex, :quickrand, "2.0.7", "d2bd76676a446e6a058d678444b7fda1387b813710d1af6d6e29bb92186c8820", [:rebar3], [], "hexpm", "b8acbf89a224bc217c3070ca8bebc6eb236dbe7f9767993b274084ea044d35f0"},
  "stream_data": {:hex, :stream_data, "1.3.0", "bde37905530aff386dea1ddd86ecbf00e6642dc074ceffc10b7d4e41dfd6aac9", [:mix], [], "hexpm", "3cc552e286e817dca43c98044c706eec9318083a1480c52ae2688b08e2936e3c"},
  "telemetry": {:hex, :telemetry, "1.1.0", "a589817034a27eab11144ad24d5c0f9fab1f58173274b1e9bae7074af9cbee51", [:rebar3], [], "hexpm", "b727b2a1f75614774cff2d7565b64d0dfa5bd52ba517f16543e6fc7efcc0df48"},
  "types": {:hex, :types, "0.1.8", "5782b67231e8c174fe2835395e71e669fe0121076779d2a09f1c0d58ee0e2f13", [:rebar3], [], "hexpm", "04285239f4954c5ede56f78ed7778ede24e3f2e997f7b16402a167af0cc2658a"},
  "uuid": {:hex, :uuid_erl, "2.0.7", "b2078d2cc814f53afa52d36c91e08962c7e7373585c623f4c0ea6dfb04b2af94", [:rebar3], [{:quickrand, ">= 2.0.7", [hex: :quickrand, repo: "hexpm", optional: false]}], "hexpm", "4e4c5ca3461dc47c5e157ed42aa3981a053b7a186792af972a27b14a9489324e"},
}
